// !$*UTF8*$!
{
	archiveVersion = 1;
	classes = {
	};
	objectVersion = 50;
	objects = {

/* Begin PBXBuildFile section */
		BD7EA4DE2375133600CE7FFD /* AppDelegate.swift in Sources */ = {isa = PBXBuildFile; fileRef = BD7EA4DD2375133600CE7FFD /* AppDelegate.swift */; };
		BD7EA4E02375133600CE7FFD /* ViewController.swift in Sources */ = {isa = PBXBuildFile; fileRef = BD7EA4DF2375133600CE7FFD /* ViewController.swift */; };
		BD7EA4E32375133600CE7FFD /* Main.storyboard in Resources */ = {isa = PBXBuildFile; fileRef = BD7EA4E12375133600CE7FFD /* Main.storyboard */; };
		BD7EA4E62375133600CE7FFD /* DragonflyFM.xcdatamodeld in Sources */ = {isa = PBXBuildFile; fileRef = BD7EA4E42375133600CE7FFD /* DragonflyFM.xcdatamodeld */; };
		BD7EA4E82375133800CE7FFD /* Assets.xcassets in Resources */ = {isa = PBXBuildFile; fileRef = BD7EA4E72375133800CE7FFD /* Assets.xcassets */; };
		BD7EA4EB2375133800CE7FFD /* LaunchScreen.storyboard in Resources */ = {isa = PBXBuildFile; fileRef = BD7EA4E92375133800CE7FFD /* LaunchScreen.storyboard */; };
		BD7EA4F62375133800CE7FFD /* DragonflyFMTests.swift in Sources */ = {isa = PBXBuildFile; fileRef = BD7EA4F52375133800CE7FFD /* DragonflyFMTests.swift */; };
		BDC4561D237E36C5001274EA /* VMCategory.swift in Sources */ = {isa = PBXBuildFile; fileRef = BDC4561C237E36C5001274EA /* VMCategory.swift */; };
		BDC4561F237E49DB001274EA /* VMradioStation.swift in Sources */ = {isa = PBXBuildFile; fileRef = BDC4561E237E49DB001274EA /* VMradioStation.swift */; };
		BDC45621237E5257001274EA /* JSONConveryer.swift in Sources */ = {isa = PBXBuildFile; fileRef = BDC45620237E5257001274EA /* JSONConveryer.swift */; };
		BDC45623237E5284001274EA /* JSONable.swift in Sources */ = {isa = PBXBuildFile; fileRef = BDC45622237E5284001274EA /* JSONable.swift */; };
		BDC45625237E54FC001274EA /* Foundation.swift in Sources */ = {isa = PBXBuildFile; fileRef = BDC45624237E54FC001274EA /* Foundation.swift */; };
		BDC45627237E5C63001274EA /* ApiParameters.swift in Sources */ = {isa = PBXBuildFile; fileRef = BDC45626237E5C63001274EA /* ApiParameters.swift */; };
		BDDA001F237913C400C1F8CE /* radioStationViewController.swift in Sources */ = {isa = PBXBuildFile; fileRef = BDDA001E237913C400C1F8CE /* radioStationViewController.swift */; };
		BDDA0021237913F100C1F8CE /* radioStationViewCell.swift in Sources */ = {isa = PBXBuildFile; fileRef = BDDA0020237913F100C1F8CE /* radioStationViewCell.swift */; };
		BDDA0023237916AA00C1F8CE /* SearchHeader.swift in Sources */ = {isa = PBXBuildFile; fileRef = BDDA0022237916AA00C1F8CE /* SearchHeader.swift */; };
/* End PBXBuildFile section */

/* Begin PBXContainerItemProxy section */
		BD7EA4F22375133800CE7FFD /* PBXContainerItemProxy */ = {
			isa = PBXContainerItemProxy;
			containerPortal = BD7EA4D22375133600CE7FFD /* Project object */;
			proxyType = 1;
			remoteGlobalIDString = BD7EA4D92375133600CE7FFD;
			remoteInfo = DragonflyFM;
		};
/* End PBXContainerItemProxy section */

/* Begin PBXFileReference section */
		BD7EA4DA2375133600CE7FFD /* DragonflyFM.app */ = {isa = PBXFileReference; explicitFileType = wrapper.application; includeInIndex = 0; path = DragonflyFM.app; sourceTree = BUILT_PRODUCTS_DIR; };
		BD7EA4DD2375133600CE7FFD /* AppDelegate.swift */ = {isa = PBXFileReference; lastKnownFileType = sourcecode.swift; path = AppDelegate.swift; sourceTree = "<group>"; };
		BD7EA4DF2375133600CE7FFD /* ViewController.swift */ = {isa = PBXFileReference; lastKnownFileType = sourcecode.swift; path = ViewController.swift; sourceTree = "<group>"; };
		BD7EA4E22375133600CE7FFD /* Base */ = {isa = PBXFileReference; lastKnownFileType = file.storyboard; name = Base; path = Base.lproj/Main.storyboard; sourceTree = "<group>"; };
		BD7EA4E52375133600CE7FFD /* DragonflyFM.xcdatamodel */ = {isa = PBXFileReference; lastKnownFileType = wrapper.xcdatamodel; path = DragonflyFM.xcdatamodel; sourceTree = "<group>"; };
		BD7EA4E72375133800CE7FFD /* Assets.xcassets */ = {isa = PBXFileReference; lastKnownFileType = folder.assetcatalog; path = Assets.xcassets; sourceTree = "<group>"; };
		BD7EA4EA2375133800CE7FFD /* Base */ = {isa = PBXFileReference; lastKnownFileType = file.storyboard; name = Base; path = Base.lproj/LaunchScreen.storyboard; sourceTree = "<group>"; };
		BD7EA4EC2375133800CE7FFD /* Info.plist */ = {isa = PBXFileReference; lastKnownFileType = text.plist.xml; path = Info.plist; sourceTree = "<group>"; };
		BD7EA4F12375133800CE7FFD /* DragonflyFMTests.xctest */ = {isa = PBXFileReference; explicitFileType = wrapper.cfbundle; includeInIndex = 0; path = DragonflyFMTests.xctest; sourceTree = BUILT_PRODUCTS_DIR; };
		BD7EA4F52375133800CE7FFD /* DragonflyFMTests.swift */ = {isa = PBXFileReference; lastKnownFileType = sourcecode.swift; path = DragonflyFMTests.swift; sourceTree = "<group>"; };
		BD7EA4F72375133800CE7FFD /* Info.plist */ = {isa = PBXFileReference; lastKnownFileType = text.plist.xml; path = Info.plist; sourceTree = "<group>"; };
		BDC45618237E3279001274EA /* VMradioStation+CoreDataClass.swift */ = {isa = PBXFileReference; lastKnownFileType = sourcecode.swift; path = "VMradioStation+CoreDataClass.swift"; sourceTree = "<group>"; };
		BDC45619237E3279001274EA /* VMradioStation+CoreDataProperties.swift */ = {isa = PBXFileReference; lastKnownFileType = sourcecode.swift; path = "VMradioStation+CoreDataProperties.swift"; sourceTree = "<group>"; };
		BDC4561C237E36C5001274EA /* VMCategory.swift */ = {isa = PBXFileReference; lastKnownFileType = sourcecode.swift; path = VMCategory.swift; sourceTree = "<group>"; };
		BDC4561E237E49DB001274EA /* VMradioStation.swift */ = {isa = PBXFileReference; lastKnownFileType = sourcecode.swift; path = VMradioStation.swift; sourceTree = "<group>"; };
		BDC45620237E5257001274EA /* JSONConveryer.swift */ = {isa = PBXFileReference; lastKnownFileType = sourcecode.swift; path = JSONConveryer.swift; sourceTree = "<group>"; };
		BDC45622237E5284001274EA /* JSONable.swift */ = {isa = PBXFileReference; lastKnownFileType = sourcecode.swift; path = JSONable.swift; sourceTree = "<group>"; };
		BDC45624237E54FC001274EA /* Foundation.swift */ = {isa = PBXFileReference; lastKnownFileType = sourcecode.swift; path = Foundation.swift; sourceTree = "<group>"; };
		BDC45626237E5C63001274EA /* ApiParameters.swift */ = {isa = PBXFileReference; lastKnownFileType = sourcecode.swift; path = ApiParameters.swift; sourceTree = "<group>"; };
		BDDA001323790ED300C1F8CE /* DragonflyFM 2.xcdatamodel */ = {isa = PBXFileReference; lastKnownFileType = wrapper.xcdatamodel; path = "DragonflyFM 2.xcdatamodel"; sourceTree = "<group>"; };
		BDDA001423790F2C00C1F8CE /* VMcategory+CoreDataClass.swift */ = {isa = PBXFileReference; lastKnownFileType = sourcecode.swift; path = "VMcategory+CoreDataClass.swift"; sourceTree = "<group>"; };
		BDDA001523790F2C00C1F8CE /* VMcategory+CoreDataProperties.swift */ = {isa = PBXFileReference; lastKnownFileType = sourcecode.swift; path = "VMcategory+CoreDataProperties.swift"; sourceTree = "<group>"; };
		BDDA001E237913C400C1F8CE /* radioStationViewController.swift */ = {isa = PBXFileReference; lastKnownFileType = sourcecode.swift; path = radioStationViewController.swift; sourceTree = "<group>"; };
		BDDA0020237913F100C1F8CE /* radioStationViewCell.swift */ = {isa = PBXFileReference; lastKnownFileType = sourcecode.swift; path = radioStationViewCell.swift; sourceTree = "<group>"; };
		BDDA0022237916AA00C1F8CE /* SearchHeader.swift */ = {isa = PBXFileReference; lastKnownFileType = sourcecode.swift; path = SearchHeader.swift; sourceTree = "<group>"; };
/* End PBXFileReference section */

/* Begin PBXFrameworksBuildPhase section */
		BD7EA4D72375133600CE7FFD /* Frameworks */ = {
			isa = PBXFrameworksBuildPhase;
			buildActionMask = 2147483647;
			files = (
			);
			runOnlyForDeploymentPostprocessing = 0;
		};
		BD7EA4EE2375133800CE7FFD /* Frameworks */ = {
			isa = PBXFrameworksBuildPhase;
			buildActionMask = 2147483647;
			files = (
			);
			runOnlyForDeploymentPostprocessing = 0;
		};
/* End PBXFrameworksBuildPhase section */

/* Begin PBXGroup section */
		BD7EA4D12375133600CE7FFD = {
			isa = PBXGroup;
			children = (
				BDC45618237E3279001274EA /* VMradioStation+CoreDataClass.swift */,
				BDC45619237E3279001274EA /* VMradioStation+CoreDataProperties.swift */,
				BDDA001423790F2C00C1F8CE /* VMcategory+CoreDataClass.swift */,
				BDDA001523790F2C00C1F8CE /* VMcategory+CoreDataProperties.swift */,
				BD7EA4DC2375133600CE7FFD /* DragonflyFM */,
				BD7EA4F42375133800CE7FFD /* DragonflyFMTests */,
				BD7EA4DB2375133600CE7FFD /* Products */,
			);
			sourceTree = "<group>";
		};
		BD7EA4DB2375133600CE7FFD /* Products */ = {
			isa = PBXGroup;
			children = (
				BD7EA4DA2375133600CE7FFD /* DragonflyFM.app */,
				BD7EA4F12375133800CE7FFD /* DragonflyFMTests.xctest */,
			);
			name = Products;
			sourceTree = "<group>";
		};
		BD7EA4DC2375133600CE7FFD /* DragonflyFM */ = {
			isa = PBXGroup;
			children = (
				BDDA001D2379137500C1F8CE /* Views */,
				BDDA001C2379136400C1F8CE /* Uitils */,
				BDDA001B2379135600C1F8CE /* Models */,
				BDDA001A2379134A00C1F8CE /* Perslsts */,
				BDDA00192379133B00C1F8CE /* Natwotk */,
				BDDA00182379132600C1F8CE /* Controllers */,
				BD7EA4DD2375133600CE7FFD /* AppDelegate.swift */,
				BD7EA4DF2375133600CE7FFD /* ViewController.swift */,
				BD7EA4E12375133600CE7FFD /* Main.storyboard */,
				BD7EA4E72375133800CE7FFD /* Assets.xcassets */,
				BD7EA4E92375133800CE7FFD /* LaunchScreen.storyboard */,
				BD7EA4EC2375133800CE7FFD /* Info.plist */,
				BD7EA4E42375133600CE7FFD /* DragonflyFM.xcdatamodeld */,
			);
			path = DragonflyFM;
			sourceTree = "<group>";
		};
		BD7EA4F42375133800CE7FFD /* DragonflyFMTests */ = {
			isa = PBXGroup;
			children = (
				BD7EA4F52375133800CE7FFD /* DragonflyFMTests.swift */,
				BD7EA4F72375133800CE7FFD /* Info.plist */,
			);
			path = DragonflyFMTests;
			sourceTree = "<group>";
		};
		BDDA00182379132600C1F8CE /* Controllers */ = {
			isa = PBXGroup;
			children = (
				BDDA001E237913C400C1F8CE /* radioStationViewController.swift */,
			);
			path = Controllers;
			sourceTree = "<group>";
		};
		BDDA00192379133B00C1F8CE /* Natwotk */ = {
			isa = PBXGroup;
			children = (
				BDC45620237E5257001274EA /* JSONConveryer.swift */,
				BDC45622237E5284001274EA /* JSONable.swift */,
				BDC45626237E5C63001274EA /* ApiParameters.swift */,
			);
			path = Natwotk;
			sourceTree = "<group>";
		};
		BDDA001A2379134A00C1F8CE /* Perslsts */ = {
			isa = PBXGroup;
			children = (
				BDC45624237E54FC001274EA /* Foundation.swift */,
			);
			path = Perslsts;
			sourceTree = "<group>";
		};
		BDDA001B2379135600C1F8CE /* Models */ = {
			isa = PBXGroup;
			children = (
				BDC4561C237E36C5001274EA /* VMCategory.swift */,
				BDC4561E237E49DB001274EA /* VMradioStation.swift */,
			);
			path = Models;
			sourceTree = "<group>";
		};
		BDDA001C2379136400C1F8CE /* Uitils */ = {
			isa = PBXGroup;
			children = (
			);
			path = Uitils;
			sourceTree = "<group>";
		};
		BDDA001D2379137500C1F8CE /* Views */ = {
			isa = PBXGroup;
			children = (
				BDDA0020237913F100C1F8CE /* radioStationViewCell.swift */,
				BDDA0022237916AA00C1F8CE /* SearchHeader.swift */,
			);
			path = Views;
			sourceTree = "<group>";
		};
/* End PBXGroup section */

/* Begin PBXNativeTarget section */
		BD7EA4D92375133600CE7FFD /* DragonflyFM */ = {
			isa = PBXNativeTarget;
			buildConfigurationList = BD7EA4FA2375133800CE7FFD /* Build configuration list for PBXNativeTarget "DragonflyFM" */;
			buildPhases = (
				BD7EA4D62375133600CE7FFD /* Sources */,
				BD7EA4D72375133600CE7FFD /* Frameworks */,
				BD7EA4D82375133600CE7FFD /* Resources */,
			);
			buildRules = (
			);
			dependencies = (
			);
			name = DragonflyFM;
			productName = DragonflyFM;
			productReference = BD7EA4DA2375133600CE7FFD /* DragonflyFM.app */;
			productType = "com.apple.product-type.application";
		};
		BD7EA4F02375133800CE7FFD /* DragonflyFMTests */ = {
			isa = PBXNativeTarget;
			buildConfigurationList = BD7EA4FD2375133800CE7FFD /* Build configuration list for PBXNativeTarget "DragonflyFMTests" */;
			buildPhases = (
				BD7EA4ED2375133800CE7FFD /* Sources */,
				BD7EA4EE2375133800CE7FFD /* Frameworks */,
				BD7EA4EF2375133800CE7FFD /* Resources */,
			);
			buildRules = (
			);
			dependencies = (
				BD7EA4F32375133800CE7FFD /* PBXTargetDependency */,
			);
			name = DragonflyFMTests;
			productName = DragonflyFMTests;
			productReference = BD7EA4F12375133800CE7FFD /* DragonflyFMTests.xctest */;
			productType = "com.apple.product-type.bundle.unit-test";
		};
/* End PBXNativeTarget section */

/* Begin PBXProject section */
		BD7EA4D22375133600CE7FFD /* Project object */ = {
			isa = PBXProject;
			attributes = {
				LastSwiftUpdateCheck = 1000;
				LastUpgradeCheck = 1000;
				ORGANIZATIONNAME = 2017yd2;
				TargetAttributes = {
					BD7EA4D92375133600CE7FFD = {
						CreatedOnToolsVersion = 10.0;
					};
					BD7EA4F02375133800CE7FFD = {
						CreatedOnToolsVersion = 10.0;
						TestTargetID = BD7EA4D92375133600CE7FFD;
					};
				};
			};
			buildConfigurationList = BD7EA4D52375133600CE7FFD /* Build configuration list for PBXProject "DragonflyFM" */;
			compatibilityVersion = "Xcode 9.3";
			developmentRegion = en;
			hasScannedForEncodings = 0;
			knownRegions = (
				en,
				Base,
			);
			mainGroup = BD7EA4D12375133600CE7FFD;
			productRefGroup = BD7EA4DB2375133600CE7FFD /* Products */;
			projectDirPath = "";
			projectRoot = "";
			targets = (
				BD7EA4D92375133600CE7FFD /* DragonflyFM */,
				BD7EA4F02375133800CE7FFD /* DragonflyFMTests */,
			);
		};
/* End PBXProject section */

/* Begin PBXResourcesBuildPhase section */
		BD7EA4D82375133600CE7FFD /* Resources */ = {
			isa = PBXResourcesBuildPhase;
			buildActionMask = 2147483647;
			files = (
				BD7EA4EB2375133800CE7FFD /* LaunchScreen.storyboard in Resources */,
				BD7EA4E82375133800CE7FFD /* Assets.xcassets in Resources */,
				BD7EA4E32375133600CE7FFD /* Main.storyboard in Resources */,
			);
			runOnlyForDeploymentPostprocessing = 0;
		};
		BD7EA4EF2375133800CE7FFD /* Resources */ = {
			isa = PBXResourcesBuildPhase;
			buildActionMask = 2147483647;
			files = (
			);
			runOnlyForDeploymentPostprocessing = 0;
		};
/* End PBXResourcesBuildPhase section */

/* Begin PBXSourcesBuildPhase section */
		BD7EA4D62375133600CE7FFD /* Sources */ = {
			isa = PBXSourcesBuildPhase;
			buildActionMask = 2147483647;
			files = (
				BDC45621237E5257001274EA /* JSONConveryer.swift in Sources */,
				BDDA001F237913C400C1F8CE /* radioStationViewController.swift in Sources */,
				BD7EA4E62375133600CE7FFD /* DragonflyFM.xcdatamodeld in Sources */,
				BD7EA4E02375133600CE7FFD /* ViewController.swift in Sources */,
				BDC45627237E5C63001274EA /* ApiParameters.swift in Sources */,
				BDC4561F237E49DB001274EA /* VMradioStation.swift in Sources */,
				BDC45623237E5284001274EA /* JSONable.swift in Sources */,
				BDDA0021237913F100C1F8CE /* radioStationViewCell.swift in Sources */,
				BDC45625237E54FC001274EA /* Foundation.swift in Sources */,
				BDC4561D237E36C5001274EA /* VMCategory.swift in Sources */,
				BDDA0023237916AA00C1F8CE /* SearchHeader.swift in Sources */,
				BD7EA4DE2375133600CE7FFD /* AppDelegate.swift in Sources */,
			);
			runOnlyForDeploymentPostprocessing = 0;
		};
		BD7EA4ED2375133800CE7FFD /* Sources */ = {
			isa = PBXSourcesBuildPhase;
			buildActionMask = 2147483647;
			files = (
				BD7EA4F62375133800CE7FFD /* DragonflyFMTests.swift in Sources */,
			);
			runOnlyForDeploymentPostprocessing = 0;
		};
/* End PBXSourcesBuildPhase section */

/* Begin PBXTargetDependency section */
		BD7EA4F32375133800CE7FFD /* PBXTargetDependency */ = {
			isa = PBXTargetDependency;
			target = BD7EA4D92375133600CE7FFD /* DragonflyFM */;
			targetProxy = BD7EA4F22375133800CE7FFD /* PBXContainerItemProxy */;
		};
/* End PBXTargetDependency section */

/* Begin PBXVariantGroup section */
		BD7EA4E12375133600CE7FFD /* Main.storyboard */ = {
			isa = PBXVariantGroup;
			children = (
				BD7EA4E22375133600CE7FFD /* Base */,
			);
			name = Main.storyboard;
			sourceTree = "<group>";
		};
		BD7EA4E92375133800CE7FFD /* LaunchScreen.storyboard */ = {
			isa = PBXVariantGroup;
			children = (
				BD7EA4EA2375133800CE7FFD /* Base */,
			);
			name = LaunchScreen.storyboard;
			sourceTree = "<group>";
		};
/* End PBXVariantGroup section */

/* Begin XCBuildConfiguration section */
		BD7EA4F82375133800CE7FFD /* Debug */ = {
			isa = XCBuildConfiguration;
			buildSettings = {
				ALWAYS_SEARCH_USER_PATHS = NO;
				CLANG_ANALYZER_NONNULL = YES;
				CLANG_ANALYZER_NUMBER_OBJECT_CONVERSION = YES_AGGRESSIVE;
				CLANG_CXX_LANGUAGE_STANDARD = "gnu++14";
				CLANG_CXX_LIBRARY = "libc++";
				CLANG_ENABLE_MODULES = YES;
				CLANG_ENABLE_OBJC_ARC = YES;
				CLANG_ENABLE_OBJC_WEAK = YES;
				CLANG_WARN_BLOCK_CAPTURE_AUTORELEASING = YES;
				CLANG_WARN_BOOL_CONVERSION = YES;
				CLANG_WARN_COMMA = YES;
				CLANG_WARN_CONSTANT_CONVERSION = YES;
				CLANG_WARN_DEPRECATED_OBJC_IMPLEMENTATIONS = YES;
				CLANG_WARN_DIRECT_OBJC_ISA_USAGE = YES_ERROR;
				CLANG_WARN_DOCUMENTATION_COMMENTS = YES;
				CLANG_WARN_EMPTY_BODY = YES;
				CLANG_WARN_ENUM_CONVERSION = YES;
				CLANG_WARN_INFINITE_RECURSION = YES;
				CLANG_WARN_INT_CONVERSION = YES;
				CLANG_WARN_NON_LITERAL_NULL_CONVERSION = YES;
				CLANG_WARN_OBJC_IMPLICIT_RETAIN_SELF = YES;
				CLANG_WARN_OBJC_LITERAL_CONVERSION = YES;
				CLANG_WARN_OBJC_ROOT_CLASS = YES_ERROR;
				CLANG_WARN_RANGE_LOOP_ANALYSIS = YES;
				CLANG_WARN_STRICT_PROTOTYPES = YES;
				CLANG_WARN_SUSPICIOUS_MOVE = YES;
				CLANG_WARN_UNGUARDED_AVAILABILITY = YES_AGGRESSIVE;
				CLANG_WARN_UNREACHABLE_CODE = YES;
				CLANG_WARN__DUPLICATE_METHOD_MATCH = YES;
				CODE_SIGN_IDENTITY = "iPhone Developer";
				COPY_PHASE_STRIP = NO;
				DEBUG_INFORMATION_FORMAT = dwarf;
				ENABLE_STRICT_OBJC_MSGSEND = YES;
				ENABLE_TESTABILITY = YES;
				GCC_C_LANGUAGE_STANDARD = gnu11;
				GCC_DYNAMIC_NO_PIC = NO;
				GCC_NO_COMMON_BLOCKS = YES;
				GCC_OPTIMIZATION_LEVEL = 0;
				GCC_PREPROCESSOR_DEFINITIONS = (
					"DEBUG=1",
					"$(inherited)",
				);
				GCC_WARN_64_TO_32_BIT_CONVERSION = YES;
				GCC_WARN_ABOUT_RETURN_TYPE = YES_ERROR;
				GCC_WARN_UNDECLARED_SELECTOR = YES;
				GCC_WARN_UNINITIALIZED_AUTOS = YES_AGGRESSIVE;
				GCC_WARN_UNUSED_FUNCTION = YES;
				GCC_WARN_UNUSED_VARIABLE = YES;
				IPHONEOS_DEPLOYMENT_TARGET = 12.0;
				MTL_ENABLE_DEBUG_INFO = INCLUDE_SOURCE;
				MTL_FAST_MATH = YES;
				ONLY_ACTIVE_ARCH = YES;
				SDKROOT = iphoneos;
				SWIFT_ACTIVE_COMPILATION_CONDITIONS = DEBUG;
				SWIFT_OPTIMIZATION_LEVEL = "-Onone";
			};
			name = Debug;
		};
		BD7EA4F92375133800CE7FFD /* Release */ = {
			isa = XCBuildConfiguration;
			buildSettings = {
				ALWAYS_SEARCH_USER_PATHS = NO;
				CLANG_ANALYZER_NONNULL = YES;
				CLANG_ANALYZER_NUMBER_OBJECT_CONVERSION = YES_AGGRESSIVE;
				CLANG_CXX_LANGUAGE_STANDARD = "gnu++14";
				CLANG_CXX_LIBRARY = "libc++";
				CLANG_ENABLE_MODULES = YES;
				CLANG_ENABLE_OBJC_ARC = YES;
				CLANG_ENABLE_OBJC_WEAK = YES;
				CLANG_WARN_BLOCK_CAPTURE_AUTORELEASING = YES;
				CLANG_WARN_BOOL_CONVERSION = YES;
				CLANG_WARN_COMMA = YES;
				CLANG_WARN_CONSTANT_CONVERSION = YES;
				CLANG_WARN_DEPRECATED_OBJC_IMPLEMENTATIONS = YES;
				CLANG_WARN_DIRECT_OBJC_ISA_USAGE = YES_ERROR;
				CLANG_WARN_DOCUMENTATION_COMMENTS = YES;
				CLANG_WARN_EMPTY_BODY = YES;
				CLANG_WARN_ENUM_CONVERSION = YES;
				CLANG_WARN_INFINITE_RECURSION = YES;
				CLANG_WARN_INT_CONVERSION = YES;
				CLANG_WARN_NON_LITERAL_NULL_CONVERSION = YES;
				CLANG_WARN_OBJC_IMPLICIT_RETAIN_SELF = YES;
				CLANG_WARN_OBJC_LITERAL_CONVERSION = YES;
				CLANG_WARN_OBJC_ROOT_CLASS = YES_ERROR;
				CLANG_WARN_RANGE_LOOP_ANALYSIS = YES;
				CLANG_WARN_STRICT_PROTOTYPES = YES;
				CLANG_WARN_SUSPICIOUS_MOVE = YES;
				CLANG_WARN_UNGUARDED_AVAILABILITY = YES_AGGRESSIVE;
				CLANG_WARN_UNREACHABLE_CODE = YES;
				CLANG_WARN__DUPLICATE_METHOD_MATCH = YES;
				CODE_SIGN_IDENTITY = "iPhone Developer";
				COPY_PHASE_STRIP = NO;
				DEBUG_INFORMATION_FORMAT = "dwarf-with-dsym";
				ENABLE_NS_ASSERTIONS = NO;
				ENABLE_STRICT_OBJC_MSGSEND = YES;
				GCC_C_LANGUAGE_STANDARD = gnu11;
				GCC_NO_COMMON_BLOCKS = YES;
				GCC_WARN_64_TO_32_BIT_CONVERSION = YES;
				GCC_WARN_ABOUT_RETURN_TYPE = YES_ERROR;
				GCC_WARN_UNDECLARED_SELECTOR = YES;
				GCC_WARN_UNINITIALIZED_AUTOS = YES_AGGRESSIVE;
				GCC_WARN_UNUSED_FUNCTION = YES;
				GCC_WARN_UNUSED_VARIABLE = YES;
				IPHONEOS_DEPLOYMENT_TARGET = 12.0;
				MTL_ENABLE_DEBUG_INFO = NO;
				MTL_FAST_MATH = YES;
				SDKROOT = iphoneos;
				SWIFT_COMPILATION_MODE = wholemodule;
				SWIFT_OPTIMIZATION_LEVEL = "-O";
				VALIDATE_PRODUCT = YES;
			};
			name = Release;
		};
		BD7EA4FB2375133800CE7FFD /* Debug */ = {
			isa = XCBuildConfiguration;
			buildSettings = {
				ASSETCATALOG_COMPILER_APPICON_NAME = AppIcon;
				CODE_SIGN_STYLE = Automatic;
				INFOPLIST_FILE = DragonflyFM/Info.plist;
				LD_RUNPATH_SEARCH_PATHS = (
					"$(inherited)",
					"@executable_path/Frameworks",
				);
				PRODUCT_BUNDLE_IDENTIFIER = net.lzzy.DragonflyFM;
				PRODUCT_NAME = "$(TARGET_NAME)";
				SWIFT_VERSION = 4.2;
				TARGETED_DEVICE_FAMILY = "1,2";
			};
			name = Debug;
		};
		BD7EA4FC2375133800CE7FFD /* Release */ = {
			isa = XCBuildConfiguration;
			buildSettings = {
				ASSETCATALOG_COMPILER_APPICON_NAME = AppIcon;
				CODE_SIGN_STYLE = Automatic;
				INFOPLIST_FILE = DragonflyFM/Info.plist;
				LD_RUNPATH_SEARCH_PATHS = (
					"$(inherited)",
					"@executable_path/Frameworks",
				);
				PRODUCT_BUNDLE_IDENTIFIER = net.lzzy.DragonflyFM;
				PRODUCT_NAME = "$(TARGET_NAME)";
				SWIFT_VERSION = 4.2;
				TARGETED_DEVICE_FAMILY = "1,2";
			};
			name = Release;
		};
		BD7EA4FE2375133800CE7FFD /* Debug */ = {
			isa = XCBuildConfiguration;
			buildSettings = {
				ALWAYS_EMBED_SWIFT_STANDARD_LIBRARIES = YES;
				BUNDLE_LOADER = "$(TEST_HOST)";
				CODE_SIGN_STYLE = Automatic;
				INFOPLIST_FILE = DragonflyFMTests/Info.plist;
				LD_RUNPATH_SEARCH_PATHS = (
					"$(inherited)",
					"@executable_path/Frameworks",
					"@loader_path/Frameworks",
				);
				PRODUCT_BUNDLE_IDENTIFIER = net.lzzy.DragonflyFMTests;
				PRODUCT_NAME = "$(TARGET_NAME)";
				SWIFT_VERSION = 4.2;
				TARGETED_DEVICE_FAMILY = "1,2";
				TEST_HOST = "$(BUILT_PRODUCTS_DIR)/DragonflyFM.app/DragonflyFM";
			};
			name = Debug;
		};
		BD7EA4FF2375133800CE7FFD /* Release */ = {
			isa = XCBuildConfiguration;
			buildSettings = {
				ALWAYS_EMBED_SWIFT_STANDARD_LIBRARIES = YES;
				BUNDLE_LOADER = "$(TEST_HOST)";
				CODE_SIGN_STYLE = Automatic;
				INFOPLIST_FILE = DragonflyFMTests/Info.plist;
				LD_RUNPATH_SEARCH_PATHS = (
					"$(inherited)",
					"@executable_path/Frameworks",
					"@loader_path/Frameworks",
				);
				PRODUCT_BUNDLE_IDENTIFIER = net.lzzy.DragonflyFMTests;
				PRODUCT_NAME = "$(TARGET_NAME)";
				SWIFT_VERSION = 4.2;
				TARGETED_DEVICE_FAMILY = "1,2";
				TEST_HOST = "$(BUILT_PRODUCTS_DIR)/DragonflyFM.app/DragonflyFM";
			};
			name = Release;
		};
/* End XCBuildConfiguration section */

/* Begin XCConfigurationList section */
		BD7EA4D52375133600CE7FFD /* Build configuration list for PBXProject "DragonflyFM" */ = {
			isa = XCConfigurationList;
			buildConfigurations = (
				BD7EA4F82375133800CE7FFD /* Debug */,
				BD7EA4F92375133800CE7FFD /* Release */,
			);
			defaultConfigurationIsVisible = 0;
			defaultConfigurationName = Release;
		};
		BD7EA4FA2375133800CE7FFD /* Build configuration list for PBXNativeTarget "DragonflyFM" */ = {
			isa = XCConfigurationList;
			buildConfigurations = (
				BD7EA4FB2375133800CE7FFD /* Debug */,
				BD7EA4FC2375133800CE7FFD /* Release */,
			);
			defaultConfigurationIsVisible = 0;
			defaultConfigurationName = Release;
		};
		BD7EA4FD2375133800CE7FFD /* Build configuration list for PBXNativeTarget "DragonflyFMTests" */ = {
			isa = XCConfigurationList;
			buildConfigurations = (
				BD7EA4FE2375133800CE7FFD /* Debug */,
				BD7EA4FF2375133800CE7FFD /* Release */,
			);
			defaultConfigurationIsVisible = 0;
			defaultConfigurationName = Release;
		};
/* End XCConfigurationList section */

/* Begin XCVersionGroup section */
		BD7EA4E42375133600CE7FFD /* DragonflyFM.xcdatamodeld */ = {
			isa = XCVersionGroup;
			children = (
				BDDA001323790ED300C1F8CE /* DragonflyFM 2.xcdatamodel */,
				BD7EA4E52375133600CE7FFD /* DragonflyFM.xcdatamodel */,
			);
			currentVersion = BDDA001323790ED300C1F8CE /* DragonflyFM 2.xcdatamodel */;
			path = DragonflyFM.xcdatamodeld;
			sourceTree = "<group>";
			versionGroupType = wrapper.xcdatamodel;
		};
/* End XCVersionGroup section */
	};
	rootObject = BD7EA4D22375133600CE7FFD /* Project object */;
}
